{
  "name": "cgv-game",
  "version": "1.0.0",
  "lockfileVersion": 2,
  "requires": true,
  "packages": {
    "": {
      "name": "cgv-game",
      "version": "1.0.0",
      "license": "ISC",
      "dependencies": {
        "dat.gui": "^0.7.9",
        "three": "^0.139.2",
        "three-dat.gui": "^2.0.7"
      }
    },
    "node_modules/dat.gui": {
      "version": "0.7.9",
      "resolved": "https://registry.npmjs.org/dat.gui/-/dat.gui-0.7.9.tgz",
      "integrity": "sha512-sCNc1OHobc+Erc1HqiswYgHdVNpSJUlk/Hz8vzOCsER7rl+oF/4+v8GXFUyCgtXpoCX6+bnmg07DedLvBLwYKQ=="
    },
    "node_modules/three": {
      "version": "0.139.2",
      "resolved": "https://registry.npmjs.org/three/-/three-0.139.2.tgz",
      "integrity": "sha512-gV7q7QY8rogu7HLFZR9cWnOQAUedUhu2WXAnpr2kdXZP9YDKsG/0ychwQvWkZN5PlNw9mv5MoCTin6zNTXoONg=="
    },
    "node_modules/three-dat.gui": {
      "version": "2.0.7",
      "resolved": "https://registry.npmjs.org/three-dat.gui/-/three-dat.gui-2.0.7.tgz",
      "integrity": "sha512-u+uRJF3BxY6O1JnRwjGVNdBvvmyaHG5/92RrvILtZclblAUda0ZcfUOXwWbr+hzPZYgJT5HykayjSyATdBQvUw=="
    }
  },
  "dependencies": {
    "dat.gui": {
      "version": "0.7.9",
      "resolved": "https://registry.npmjs.org/dat.gui/-/dat.gui-0.7.9.tgz",
      "integrity": "sha512-sCNc1OHobc+Erc1HqiswYgHdVNpSJUlk/Hz8vzOCsER7rl+oF/4+v8GXFUyCgtXpoCX6+bnmg07DedLvBLwYKQ=="
    },
    "three": {
      "version": "0.139.2",
      "resolved": "https://registry.npmjs.org/three/-/three-0.139.2.tgz",
      "integrity": "sha512-gV7q7QY8rogu7HLFZR9cWnOQAUedUhu2WXAnpr2kdXZP9YDKsG/0ychwQvWkZN5PlNw9mv5MoCTin6zNTXoONg=="
    },
    "three-dat.gui": {
      "version": "2.0.7",
      "resolved": "https://registry.npmjs.org/three-dat.gui/-/three-dat.gui-2.0.7.tgz",
      "integrity": "sha512-u+uRJF3BxY6O1JnRwjGVNdBvvmyaHG5/92RrvILtZclblAUda0ZcfUOXwWbr+hzPZYgJT5HykayjSyATdBQvUw=="
    }
  }
}
